
Microsoft Visual Studio Solution File, Format Version 12.00
# Visual Studio 15
VisualStudioVersion = 15.0.28307.168
MinimumVisualStudioVersion = 10.0.40219.1
Project("{8BC9CEB8-8B4A-11D0-8D11-00A0C91BC942}") = "pointer(study)", "pointer(study)\pointer(study).vcxproj", "{6A00C65A-507B-4C82-A766-FBD5414C5411}"
EndProject
Global
	GlobalSection(SolutionConfigurationPlatforms) = preSolution
		Debug|x64 = Debug|x64
		Debug|x86 = Debug|x86
		Release|x64 = Release|x64
		Release|x86 = Release|x86
	EndGlobalSection
	GlobalSection(ProjectConfigurationPlatforms) = postSolution
		{6A00C65A-507B-4C82-A766-FBD5414C5411}.Debug|x64.ActiveCfg = Debug|x64
		{6A00C65A-507B-4C82-A766-FBD5414C5411}.Debug|x64.Build.0 = Debug|x64
		{6A00C65A-507B-4C82-A766-FBD5414C5411}.Debug|x86.ActiveCfg = Debug|Win32
		{6A00C65A-507B-4C82-A766-FBD5414C5411}.Debug|x86.Build.0 = Debug|Win32
		{6A00C65A-507B-4C82-A766-FBD5414C5411}.Release|x64.ActiveCfg = Release|x64
		{6A00C65A-507B-4C82-A766-FBD5414C5411}.Release|x64.Build.0 = Release|x64
		{6A00C65A-507B-4C82-A766-FBD5414C5411}.Release|x86.ActiveCfg = Release|Win32
		{6A00C65A-507B-4C82-A766-FBD5414C5411}.Release|x86.Build.0 = Release|Win32
	EndGlobalSection
	GlobalSection(SolutionProperties) = preSolution
		HideSolutionNode = FALSE
	EndGlobalSection
	GlobalSection(ExtensibilityGlobals) = postSolution
		SolutionGuid = {2576ED03-DF54-49CA-9D0F-886EC5294E5B}
	EndGlobalSection
EndGlobal
