
Microsoft Visual Studio Solution File, Format Version 12.00
# Visual Studio 15
VisualStudioVersion = 15.0.28307.168
MinimumVisualStudioVersion = 10.0.40219.1
Project("{8BC9CEB8-8B4A-11D0-8D11-00A0C91BC942}") = "Function into member in C ++", "Function into member in C ++\Function into member in C ++.vcxproj", "{AAAADECC-9268-4D05-9F1F-3DAA77110D2D}"
EndProject
Global
	GlobalSection(SolutionConfigurationPlatforms) = preSolution
		Debug|x64 = Debug|x64
		Debug|x86 = Debug|x86
		Release|x64 = Release|x64
		Release|x86 = Release|x86
	EndGlobalSection
	GlobalSection(ProjectConfigurationPlatforms) = postSolution
		{AAAADECC-9268-4D05-9F1F-3DAA77110D2D}.Debug|x64.ActiveCfg = Debug|x64
		{AAAADECC-9268-4D05-9F1F-3DAA77110D2D}.Debug|x64.Build.0 = Debug|x64
		{AAAADECC-9268-4D05-9F1F-3DAA77110D2D}.Debug|x86.ActiveCfg = Debug|Win32
		{AAAADECC-9268-4D05-9F1F-3DAA77110D2D}.Debug|x86.Build.0 = Debug|Win32
		{AAAADECC-9268-4D05-9F1F-3DAA77110D2D}.Release|x64.ActiveCfg = Release|x64
		{AAAADECC-9268-4D05-9F1F-3DAA77110D2D}.Release|x64.Build.0 = Release|x64
		{AAAADECC-9268-4D05-9F1F-3DAA77110D2D}.Release|x86.ActiveCfg = Release|Win32
		{AAAADECC-9268-4D05-9F1F-3DAA77110D2D}.Release|x86.Build.0 = Release|Win32
	EndGlobalSection
	GlobalSection(SolutionProperties) = preSolution
		HideSolutionNode = FALSE
	EndGlobalSection
	GlobalSection(ExtensibilityGlobals) = postSolution
		SolutionGuid = {4CB3B484-DE38-4C76-95CA-0DA7A3D1ABE4}
	EndGlobalSection
EndGlobal
